// !$*UTF8*$!
{
	archiveVersion = 1;
	classes = {
	};
	objectVersion = 46;
	objects = {

/* Begin PBXBuildFile section */
		CB1F308B1A87B48B008DADEF /* Util.swift in Sources */ = {isa = PBXBuildFile; fileRef = CB1F308A1A87B48B008DADEF /* Util.swift */; };
		CB235C311A5D8B6A0081FEEA /* AppDelegate.swift in Sources */ = {isa = PBXBuildFile; fileRef = CB235C301A5D8B690081FEEA /* AppDelegate.swift */; };
		CB235C331A5D8B6A0081FEEA /* MasterViewController.swift in Sources */ = {isa = PBXBuildFile; fileRef = CB235C321A5D8B6A0081FEEA /* MasterViewController.swift */; };
		CB235C351A5D8B6A0081FEEA /* DetailViewController.swift in Sources */ = {isa = PBXBuildFile; fileRef = CB235C341A5D8B6A0081FEEA /* DetailViewController.swift */; };
		CB235C381A5D8B6A0081FEEA /* Main.storyboard in Resources */ = {isa = PBXBuildFile; fileRef = CB235C361A5D8B6A0081FEEA /* Main.storyboard */; };
		CB235C3A1A5D8B6A0081FEEA /* Images.xcassets in Resources */ = {isa = PBXBuildFile; fileRef = CB235C391A5D8B6A0081FEEA /* Images.xcassets */; };
		CB235C3D1A5D8B6A0081FEEA /* LaunchScreen.xib in Resources */ = {isa = PBXBuildFile; fileRef = CB235C3B1A5D8B6A0081FEEA /* LaunchScreen.xib */; };
		CB235C491A5D8B6A0081FEEA /* EliasTests.swift in Sources */ = {isa = PBXBuildFile; fileRef = CB235C481A5D8B6A0081FEEA /* EliasTests.swift */; };
		CB430AE51A8B83A0000E9558 /* BitModel.swift in Sources */ = {isa = PBXBuildFile; fileRef = CB430AE41A8B83A0000E9558 /* BitModel.swift */; };
		CB70DB011AF13D74001B8025 /* BitSummaryCell.xib in Resources */ = {isa = PBXBuildFile; fileRef = CB70DB001AF13D74001B8025 /* BitSummaryCell.xib */; };
		CB70DB031AF13E95001B8025 /* BitSummaryCell.swift in Sources */ = {isa = PBXBuildFile; fileRef = CB70DB021AF13E95001B8025 /* BitSummaryCell.swift */; };
		DCBE6C587161B4F8BBE5E721 /* libPods.a in Frameworks */ = {isa = PBXBuildFile; fileRef = 1E58CFD137881927535D02EC /* libPods.a */; };
/* End PBXBuildFile section */

/* Begin PBXContainerItemProxy section */
		CB235C431A5D8B6A0081FEEA /* PBXContainerItemProxy */ = {
			isa = PBXContainerItemProxy;
			containerPortal = CB235C231A5D8B690081FEEA /* Project object */;
			proxyType = 1;
			remoteGlobalIDString = CB235C2A1A5D8B690081FEEA;
			remoteInfo = Elias;
		};
/* End PBXContainerItemProxy section */

/* Begin PBXFileReference section */
		1E58CFD137881927535D02EC /* libPods.a */ = {isa = PBXFileReference; explicitFileType = archive.ar; includeInIndex = 0; path = libPods.a; sourceTree = BUILT_PRODUCTS_DIR; };
		CB1F308A1A87B48B008DADEF /* Util.swift */ = {isa = PBXFileReference; fileEncoding = 4; lastKnownFileType = sourcecode.swift; path = Util.swift; sourceTree = "<group>"; };
		CB235C2B1A5D8B690081FEEA /* Elias.app */ = {isa = PBXFileReference; explicitFileType = wrapper.application; includeInIndex = 0; path = Elias.app; sourceTree = BUILT_PRODUCTS_DIR; };
		CB235C2F1A5D8B690081FEEA /* Info.plist */ = {isa = PBXFileReference; lastKnownFileType = text.plist.xml; path = Info.plist; sourceTree = "<group>"; };
		CB235C301A5D8B690081FEEA /* AppDelegate.swift */ = {isa = PBXFileReference; lastKnownFileType = sourcecode.swift; path = AppDelegate.swift; sourceTree = "<group>"; };
		CB235C321A5D8B6A0081FEEA /* MasterViewController.swift */ = {isa = PBXFileReference; lastKnownFileType = sourcecode.swift; path = MasterViewController.swift; sourceTree = "<group>"; };
		CB235C341A5D8B6A0081FEEA /* DetailViewController.swift */ = {isa = PBXFileReference; lastKnownFileType = sourcecode.swift; path = DetailViewController.swift; sourceTree = "<group>"; };
		CB235C371A5D8B6A0081FEEA /* Base */ = {isa = PBXFileReference; lastKnownFileType = file.storyboard; name = Base; path = Base.lproj/Main.storyboard; sourceTree = "<group>"; };
		CB235C391A5D8B6A0081FEEA /* Images.xcassets */ = {isa = PBXFileReference; lastKnownFileType = folder.assetcatalog; path = Images.xcassets; sourceTree = "<group>"; };
		CB235C3C1A5D8B6A0081FEEA /* Base */ = {isa = PBXFileReference; lastKnownFileType = file.xib; name = Base; path = Base.lproj/LaunchScreen.xib; sourceTree = "<group>"; };
		CB235C421A5D8B6A0081FEEA /* EliasTests.xctest */ = {isa = PBXFileReference; explicitFileType = wrapper.cfbundle; includeInIndex = 0; path = EliasTests.xctest; sourceTree = BUILT_PRODUCTS_DIR; };
		CB235C471A5D8B6A0081FEEA /* Info.plist */ = {isa = PBXFileReference; lastKnownFileType = text.plist.xml; path = Info.plist; sourceTree = "<group>"; };
		CB235C481A5D8B6A0081FEEA /* EliasTests.swift */ = {isa = PBXFileReference; lastKnownFileType = sourcecode.swift; path = EliasTests.swift; sourceTree = "<group>"; };
		CB39FE071A7A83910055DD47 /* Elias-Bridging-Header.h */ = {isa = PBXFileReference; lastKnownFileType = sourcecode.c.h; path = "Elias-Bridging-Header.h"; sourceTree = "<group>"; };
		CB430AE41A8B83A0000E9558 /* BitModel.swift */ = {isa = PBXFileReference; fileEncoding = 4; lastKnownFileType = sourcecode.swift; path = BitModel.swift; sourceTree = "<group>"; };
		CB70DB001AF13D74001B8025 /* BitSummaryCell.xib */ = {isa = PBXFileReference; fileEncoding = 4; lastKnownFileType = file.xib; path = BitSummaryCell.xib; sourceTree = "<group>"; };
		CB70DB021AF13E95001B8025 /* BitSummaryCell.swift */ = {isa = PBXFileReference; fileEncoding = 4; lastKnownFileType = sourcecode.swift; path = BitSummaryCell.swift; sourceTree = "<group>"; };
		E9AF17E14188A026994FE547 /* Pods.debug.xcconfig */ = {isa = PBXFileReference; includeInIndex = 1; lastKnownFileType = text.xcconfig; name = Pods.debug.xcconfig; path = "Pods/Target Support Files/Pods/Pods.debug.xcconfig"; sourceTree = "<group>"; };
		EF8DC5CD198C2EC8912FF71C /* Pods.release.xcconfig */ = {isa = PBXFileReference; includeInIndex = 1; lastKnownFileType = text.xcconfig; name = Pods.release.xcconfig; path = "Pods/Target Support Files/Pods/Pods.release.xcconfig"; sourceTree = "<group>"; };
/* End PBXFileReference section */

/* Begin PBXFrameworksBuildPhase section */
		CB235C281A5D8B690081FEEA /* Frameworks */ = {
			isa = PBXFrameworksBuildPhase;
			buildActionMask = 2147483647;
			files = (
				DCBE6C587161B4F8BBE5E721 /* libPods.a in Frameworks */,
			);
			runOnlyForDeploymentPostprocessing = 0;
		};
		CB235C3F1A5D8B6A0081FEEA /* Frameworks */ = {
			isa = PBXFrameworksBuildPhase;
			buildActionMask = 2147483647;
			files = (
			);
			runOnlyForDeploymentPostprocessing = 0;
		};
/* End PBXFrameworksBuildPhase section */

/* Begin PBXGroup section */
		75622E3F0A35833039263301 /* Frameworks */ = {
			isa = PBXGroup;
			children = (
				1E58CFD137881927535D02EC /* libPods.a */,
			);
			name = Frameworks;
			sourceTree = "<group>";
		};
		9634CF940B465A68ABDAF316 /* Pods */ = {
			isa = PBXGroup;
			children = (
				E9AF17E14188A026994FE547 /* Pods.debug.xcconfig */,
				EF8DC5CD198C2EC8912FF71C /* Pods.release.xcconfig */,
			);
			name = Pods;
			sourceTree = "<group>";
		};
		CB235C221A5D8B690081FEEA = {
			isa = PBXGroup;
			children = (
				CB235C2D1A5D8B690081FEEA /* Elias */,
				CB235C451A5D8B6A0081FEEA /* EliasTests */,
				CB235C2C1A5D8B690081FEEA /* Products */,
				9634CF940B465A68ABDAF316 /* Pods */,
				75622E3F0A35833039263301 /* Frameworks */,
			);
			sourceTree = "<group>";
		};
		CB235C2C1A5D8B690081FEEA /* Products */ = {
			isa = PBXGroup;
			children = (
				CB235C2B1A5D8B690081FEEA /* Elias.app */,
				CB235C421A5D8B6A0081FEEA /* EliasTests.xctest */,
			);
			name = Products;
			sourceTree = "<group>";
		};
		CB235C2D1A5D8B690081FEEA /* Elias */ = {
			isa = PBXGroup;
			children = (
				CB235C301A5D8B690081FEEA /* AppDelegate.swift */,
				CB235C321A5D8B6A0081FEEA /* MasterViewController.swift */,
				CB70DB001AF13D74001B8025 /* BitSummaryCell.xib */,
				CB70DB021AF13E95001B8025 /* BitSummaryCell.swift */,
				CB430AE41A8B83A0000E9558 /* BitModel.swift */,
				CB235C341A5D8B6A0081FEEA /* DetailViewController.swift */,
				CB235C361A5D8B6A0081FEEA /* Main.storyboard */,
				CB235C391A5D8B6A0081FEEA /* Images.xcassets */,
				CB235C3B1A5D8B6A0081FEEA /* LaunchScreen.xib */,
				CB235C2E1A5D8B690081FEEA /* Supporting Files */,
				CB39FE071A7A83910055DD47 /* Elias-Bridging-Header.h */,
				CB1F308A1A87B48B008DADEF /* Util.swift */,
			);
			path = Elias;
			sourceTree = "<group>";
		};
		CB235C2E1A5D8B690081FEEA /* Supporting Files */ = {
			isa = PBXGroup;
			children = (
				CB235C2F1A5D8B690081FEEA /* Info.plist */,
			);
			name = "Supporting Files";
			sourceTree = "<group>";
		};
		CB235C451A5D8B6A0081FEEA /* EliasTests */ = {
			isa = PBXGroup;
			children = (
				CB235C481A5D8B6A0081FEEA /* EliasTests.swift */,
				CB235C461A5D8B6A0081FEEA /* Supporting Files */,
			);
			path = EliasTests;
			sourceTree = "<group>";
		};
		CB235C461A5D8B6A0081FEEA /* Supporting Files */ = {
			isa = PBXGroup;
			children = (
				CB235C471A5D8B6A0081FEEA /* Info.plist */,
			);
			name = "Supporting Files";
			sourceTree = "<group>";
		};
/* End PBXGroup section */

/* Begin PBXNativeTarget section */
		CB235C2A1A5D8B690081FEEA /* Elias */ = {
			isa = PBXNativeTarget;
			buildConfigurationList = CB235C4C1A5D8B6A0081FEEA /* Build configuration list for PBXNativeTarget "Elias" */;
			buildPhases = (
				352E79018CEDD9BC034C1B29 /* Check Pods Manifest.lock */,
				CB235C271A5D8B690081FEEA /* Sources */,
				CB235C281A5D8B690081FEEA /* Frameworks */,
				CB235C291A5D8B690081FEEA /* Resources */,
				B58E0BAC19B70EF98BE868A9 /* Copy Pods Resources */,
			);
			buildRules = (
			);
			dependencies = (
			);
			name = Elias;
			productName = Elias;
			productReference = CB235C2B1A5D8B690081FEEA /* Elias.app */;
			productType = "com.apple.product-type.application";
		};
		CB235C411A5D8B6A0081FEEA /* EliasTests */ = {
			isa = PBXNativeTarget;
			buildConfigurationList = CB235C4F1A5D8B6A0081FEEA /* Build configuration list for PBXNativeTarget "EliasTests" */;
			buildPhases = (
				CB235C3E1A5D8B6A0081FEEA /* Sources */,
				CB235C3F1A5D8B6A0081FEEA /* Frameworks */,
				CB235C401A5D8B6A0081FEEA /* Resources */,
			);
			buildRules = (
			);
			dependencies = (
				CB235C441A5D8B6A0081FEEA /* PBXTargetDependency */,
			);
			name = EliasTests;
			productName = EliasTests;
			productReference = CB235C421A5D8B6A0081FEEA /* EliasTests.xctest */;
			productType = "com.apple.product-type.bundle.unit-test";
		};
/* End PBXNativeTarget section */

/* Begin PBXProject section */
		CB235C231A5D8B690081FEEA /* Project object */ = {
			isa = PBXProject;
			attributes = {
				LastUpgradeCheck = 0610;
				ORGANIZATIONNAME = zhou;
				TargetAttributes = {
					CB235C2A1A5D8B690081FEEA = {
						CreatedOnToolsVersion = 6.1.1;
						DevelopmentTeam = GW2B4FS5Y6;
						SystemCapabilities = {
							com.apple.BackgroundModes = {
								enabled = 1;
							};
						};
					};
					CB235C411A5D8B6A0081FEEA = {
						CreatedOnToolsVersion = 6.1.1;
						DevelopmentTeam = GW2B4FS5Y6;
						TestTargetID = CB235C2A1A5D8B690081FEEA;
					};
				};
			};
			buildConfigurationList = CB235C261A5D8B690081FEEA /* Build configuration list for PBXProject "Elias" */;
			compatibilityVersion = "Xcode 3.2";
			developmentRegion = English;
			hasScannedForEncodings = 0;
			knownRegions = (
				en,
				Base,
			);
			mainGroup = CB235C221A5D8B690081FEEA;
			productRefGroup = CB235C2C1A5D8B690081FEEA /* Products */;
			projectDirPath = "";
			projectRoot = "";
			targets = (
				CB235C2A1A5D8B690081FEEA /* Elias */,
				CB235C411A5D8B6A0081FEEA /* EliasTests */,
			);
		};
/* End PBXProject section */

/* Begin PBXResourcesBuildPhase section */
		CB235C291A5D8B690081FEEA /* Resources */ = {
			isa = PBXResourcesBuildPhase;
			buildActionMask = 2147483647;
			files = (
				CB70DB011AF13D74001B8025 /* BitSummaryCell.xib in Resources */,
				CB235C381A5D8B6A0081FEEA /* Main.storyboard in Resources */,
				CB235C3D1A5D8B6A0081FEEA /* LaunchScreen.xib in Resources */,
				CB235C3A1A5D8B6A0081FEEA /* Images.xcassets in Resources */,
			);
			runOnlyForDeploymentPostprocessing = 0;
		};
		CB235C401A5D8B6A0081FEEA /* Resources */ = {
			isa = PBXResourcesBuildPhase;
			buildActionMask = 2147483647;
			files = (
			);
			runOnlyForDeploymentPostprocessing = 0;
		};
/* End PBXResourcesBuildPhase section */

/* Begin PBXShellScriptBuildPhase section */
		352E79018CEDD9BC034C1B29 /* Check Pods Manifest.lock */ = {
			isa = PBXShellScriptBuildPhase;
			buildActionMask = 2147483647;
			files = (
			);
			inputPaths = (
			);
			name = "Check Pods Manifest.lock";
			outputPaths = (
			);
			runOnlyForDeploymentPostprocessing = 0;
			shellPath = /bin/sh;
			shellScript = "diff \"${PODS_ROOT}/../Podfile.lock\" \"${PODS_ROOT}/Manifest.lock\" > /dev/null\nif [[ $? != 0 ]] ; then\n    cat << EOM\nerror: The sandbox is not in sync with the Podfile.lock. Run 'pod install' or update your CocoaPods installation.\nEOM\n    exit 1\nfi\n";
			showEnvVarsInLog = 0;
		};
		B58E0BAC19B70EF98BE868A9 /* Copy Pods Resources */ = {
			isa = PBXShellScriptBuildPhase;
			buildActionMask = 2147483647;
			files = (
			);
			inputPaths = (
			);
			name = "Copy Pods Resources";
			outputPaths = (
			);
			runOnlyForDeploymentPostprocessing = 0;
			shellPath = /bin/sh;
			shellScript = "\"${SRCROOT}/Pods/Target Support Files/Pods/Pods-resources.sh\"\n";
			showEnvVarsInLog = 0;
		};
/* End PBXShellScriptBuildPhase section */

/* Begin PBXSourcesBuildPhase section */
		CB235C271A5D8B690081FEEA /* Sources */ = {
			isa = PBXSourcesBuildPhase;
			buildActionMask = 2147483647;
			files = (
				CB430AE51A8B83A0000E9558 /* BitModel.swift in Sources */,
				CB235C351A5D8B6A0081FEEA /* DetailViewController.swift in Sources */,
				CB70DB031AF13E95001B8025 /* BitSummaryCell.swift in Sources */,
				CB235C331A5D8B6A0081FEEA /* MasterViewController.swift in Sources */,
				CB235C311A5D8B6A0081FEEA /* AppDelegate.swift in Sources */,
				CB1F308B1A87B48B008DADEF /* Util.swift in Sources */,
			);
			runOnlyForDeploymentPostprocessing = 0;
		};
		CB235C3E1A5D8B6A0081FEEA /* Sources */ = {
			isa = PBXSourcesBuildPhase;
			buildActionMask = 2147483647;
			files = (
				CB235C491A5D8B6A0081FEEA /* EliasTests.swift in Sources */,
			);
			runOnlyForDeploymentPostprocessing = 0;
		};
/* End PBXSourcesBuildPhase section */

/* Begin PBXTargetDependency section */
		CB235C441A5D8B6A0081FEEA /* PBXTargetDependency */ = {
			isa = PBXTargetDependency;
			target = CB235C2A1A5D8B690081FEEA /* Elias */;
			targetProxy = CB235C431A5D8B6A0081FEEA /* PBXContainerItemProxy */;
		};
/* End PBXTargetDependency section */

/* Begin PBXVariantGroup section */
		CB235C361A5D8B6A0081FEEA /* Main.storyboard */ = {
			isa = PBXVariantGroup;
			children = (
				CB235C371A5D8B6A0081FEEA /* Base */,
			);
			name = Main.storyboard;
			sourceTree = "<group>";
		};
		CB235C3B1A5D8B6A0081FEEA /* LaunchScreen.xib */ = {
			isa = PBXVariantGroup;
			children = (
				CB235C3C1A5D8B6A0081FEEA /* Base */,
			);
			name = LaunchScreen.xib;
			sourceTree = "<group>";
		};
/* End PBXVariantGroup section */

/* Begin XCBuildConfiguration section */
		CB235C4A1A5D8B6A0081FEEA /* Debug */ = {
			isa = XCBuildConfiguration;
			buildSettings = {
				ALWAYS_SEARCH_USER_PATHS = NO;
				CLANG_CXX_LANGUAGE_STANDARD = "gnu++0x";
				CLANG_CXX_LIBRARY = "libc++";
				CLANG_ENABLE_MODULES = YES;
				CLANG_ENABLE_OBJC_ARC = YES;
				CLANG_WARN_BOOL_CONVERSION = YES;
				CLANG_WARN_CONSTANT_CONVERSION = YES;
				CLANG_WARN_DIRECT_OBJC_ISA_USAGE = YES_ERROR;
				CLANG_WARN_EMPTY_BODY = YES;
				CLANG_WARN_ENUM_CONVERSION = YES;
				CLANG_WARN_INT_CONVERSION = YES;
				CLANG_WARN_OBJC_ROOT_CLASS = YES_ERROR;
				CLANG_WARN_UNREACHABLE_CODE = YES;
				CLANG_WARN__DUPLICATE_METHOD_MATCH = YES;
				"CODE_SIGN_IDENTITY[sdk=iphoneos*]" = "iPhone Developer";
				COPY_PHASE_STRIP = NO;
				ENABLE_STRICT_OBJC_MSGSEND = YES;
				GCC_C_LANGUAGE_STANDARD = gnu99;
				GCC_DYNAMIC_NO_PIC = NO;
				GCC_OPTIMIZATION_LEVEL = 0;
				GCC_PREPROCESSOR_DEFINITIONS = (
					"DEBUG=1",
					"$(inherited)",
				);
				GCC_SYMBOLS_PRIVATE_EXTERN = NO;
				GCC_WARN_64_TO_32_BIT_CONVERSION = YES;
				GCC_WARN_ABOUT_RETURN_TYPE = YES_ERROR;
				GCC_WARN_UNDECLARED_SELECTOR = YES;
				GCC_WARN_UNINITIALIZED_AUTOS = YES_AGGRESSIVE;
				GCC_WARN_UNUSED_FUNCTION = YES;
				GCC_WARN_UNUSED_VARIABLE = YES;
				IPHONEOS_DEPLOYMENT_TARGET = 8.1;
				MTL_ENABLE_DEBUG_INFO = YES;
				ONLY_ACTIVE_ARCH = YES;
				SDKROOT = iphoneos;
				SWIFT_OPTIMIZATION_LEVEL = "-Onone";
			};
			name = Debug;
		};
		CB235C4B1A5D8B6A0081FEEA /* Release */ = {
			isa = XCBuildConfiguration;
			buildSettings = {
				ALWAYS_SEARCH_USER_PATHS = NO;
				CLANG_CXX_LANGUAGE_STANDARD = "gnu++0x";
				CLANG_CXX_LIBRARY = "libc++";
				CLANG_ENABLE_MODULES = YES;
				CLANG_ENABLE_OBJC_ARC = YES;
				CLANG_WARN_BOOL_CONVERSION = YES;
				CLANG_WARN_CONSTANT_CONVERSION = YES;
				CLANG_WARN_DIRECT_OBJC_ISA_USAGE = YES_ERROR;
				CLANG_WARN_EMPTY_BODY = YES;
				CLANG_WARN_ENUM_CONVERSION = YES;
				CLANG_WARN_INT_CONVERSION = YES;
				CLANG_WARN_OBJC_ROOT_CLASS = YES_ERROR;
				CLANG_WARN_UNREACHABLE_CODE = YES;
				CLANG_WARN__DUPLICATE_METHOD_MATCH = YES;
				"CODE_SIGN_IDENTITY[sdk=iphoneos*]" = "iPhone Developer";
				COPY_PHASE_STRIP = YES;
				ENABLE_NS_ASSERTIONS = NO;
				ENABLE_STRICT_OBJC_MSGSEND = YES;
				GCC_C_LANGUAGE_STANDARD = gnu99;
				GCC_WARN_64_TO_32_BIT_CONVERSION = YES;
				GCC_WARN_ABOUT_RETURN_TYPE = YES_ERROR;
				GCC_WARN_UNDECLARED_SELECTOR = YES;
				GCC_WARN_UNINITIALIZED_AUTOS = YES_AGGRESSIVE;
				GCC_WARN_UNUSED_FUNCTION = YES;
				GCC_WARN_UNUSED_VARIABLE = YES;
				IPHONEOS_DEPLOYMENT_TARGET = 8.1;
				MTL_ENABLE_DEBUG_INFO = NO;
				SDKROOT = iphoneos;
				VALIDATE_PRODUCT = YES;
			};
			name = Release;
		};
		CB235C4D1A5D8B6A0081FEEA /* Debug */ = {
			isa = XCBuildConfiguration;
			baseConfigurationReference = E9AF17E14188A026994FE547 /* Pods.debug.xcconfig */;
			buildSettings = {
				ASSETCATALOG_COMPILER_APPICON_NAME = AppIcon;
				CLANG_ENABLE_MODULES = YES;
				CODE_SIGN_IDENTITY = "iPhone Developer";
				"CODE_SIGN_IDENTITY[sdk=iphoneos*]" = "iPhone Developer";
				INFOPLIST_FILE = Elias/Info.plist;
				LD_RUNPATH_SEARCH_PATHS = "$(inherited) @executable_path/Frameworks";
				PRODUCT_NAME = "$(TARGET_NAME)";
				PROVISIONING_PROFILE = "";
				SWIFT_OBJC_BRIDGING_HEADER = "Elias/Elias-Bridging-Header.h";
				SWIFT_OPTIMIZATION_LEVEL = "-Onone";
				TARGETED_DEVICE_FAMILY = 1;
			};
			name = Debug;
		};
		CB235C4E1A5D8B6A0081FEEA /* Release */ = {
			isa = XCBuildConfiguration;
			baseConfigurationReference = EF8DC5CD198C2EC8912FF71C /* Pods.release.xcconfig */;
			buildSettings = {
				ASSETCATALOG_COMPILER_APPICON_NAME = AppIcon;
				CLANG_ENABLE_MODULES = YES;
				CODE_SIGN_IDENTITY = "iPhone Developer";
				"CODE_SIGN_IDENTITY[sdk=iphoneos*]" = "iPhone Developer";
				INFOPLIST_FILE = Elias/Info.plist;
				LD_RUNPATH_SEARCH_PATHS = "$(inherited) @executable_path/Frameworks";
				PRODUCT_NAME = "$(TARGET_NAME)";
				PROVISIONING_PROFILE = "";
				SWIFT_OBJC_BRIDGING_HEADER = "Elias/Elias-Bridging-Header.h";
				TARGETED_DEVICE_FAMILY = 1;
			};
			name = Release;
		};
		CB235C501A5D8B6A0081FEEA /* Debug */ = {
			isa = XCBuildConfiguration;
			buildSettings = {
				BUNDLE_LOADER = "$(TEST_HOST)";
				CODE_SIGN_IDENTITY = "iPhone Developer";
				"CODE_SIGN_IDENTITY[sdk=iphoneos*]" = "iPhone Developer";
				FRAMEWORK_SEARCH_PATHS = (
					"$(SDKROOT)/Developer/Library/Frameworks",
					"$(inherited)",
				);
				GCC_PREPROCESSOR_DEFINITIONS = (
					"DEBUG=1",
					"$(inherited)",
				);
				INFOPLIST_FILE = EliasTests/Info.plist;
				LD_RUNPATH_SEARCH_PATHS = "$(inherited) @executable_path/Frameworks @loader_path/Frameworks";
				PRODUCT_NAME = "$(TARGET_NAME)";
				PROVISIONING_PROFILE = "";
				TEST_HOST = "$(BUILT_PRODUCTS_DIR)/Elias.app/Elias";
			};
			name = Debug;
		};
		CB235C511A5D8B6A0081FEEA /* Release */ = {
			isa = XCBuildConfiguration;
			buildSettings = {
				BUNDLE_LOADER = "$(TEST_HOST)";
				CODE_SIGN_IDENTITY = "iPhone Developer";
				"CODE_SIGN_IDENTITY[sdk=iphoneos*]" = "iPhone Developer";
				FRAMEWORK_SEARCH_PATHS = (
					"$(SDKROOT)/Developer/Library/Frameworks",
					"$(inherited)",
				);
				INFOPLIST_FILE = EliasTests/Info.plist;
				LD_RUNPATH_SEARCH_PATHS = "$(inherited) @executable_path/Frameworks @loader_path/Frameworks";
				PRODUCT_NAME = "$(TARGET_NAME)";
				PROVISIONING_PROFILE = "";
				TEST_HOST = "$(BUILT_PRODUCTS_DIR)/Elias.app/Elias";
			};
			name = Release;
		};
/* End XCBuildConfiguration section */

/* Begin XCConfigurationList section */
		CB235C261A5D8B690081FEEA /* Build configuration list for PBXProject "Elias" */ = {
			isa = XCConfigurationList;
			buildConfigurations = (
				CB235C4A1A5D8B6A0081FEEA /* Debug */,
				CB235C4B1A5D8B6A0081FEEA /* Release */,
			);
			defaultConfigurationIsVisible = 0;
			defaultConfigurationName = Release;
		};
		CB235C4C1A5D8B6A0081FEEA /* Build configuration list for PBXNativeTarget "Elias" */ = {
			isa = XCConfigurationList;
			buildConfigurations = (
				CB235C4D1A5D8B6A0081FEEA /* Debug */,
				CB235C4E1A5D8B6A0081FEEA /* Release */,
			);
			defaultConfigurationIsVisible = 0;
			defaultConfigurationName = Release;
		};
		CB235C4F1A5D8B6A0081FEEA /* Build configuration list for PBXNativeTarget "EliasTests" */ = {
			isa = XCConfigurationList;
			buildConfigurations = (
				CB235C501A5D8B6A0081FEEA /* Debug */,
				CB235C511A5D8B6A0081FEEA /* Release */,
			);
			defaultConfigurationIsVisible = 0;
			defaultConfigurationName = Release;
		};
/* End XCConfigurationList section */
	};
	rootObject = CB235C231A5D8B690081FEEA /* Project object */;
}
